
Microsoft Visual Studio Solution File, Format Version 12.00
# Visual Studio Version 17
VisualStudioVersion = 17.3.32901.215
MinimumVisualStudioVersion = 10.0.40219.1
Project("{FAE04EC0-301F-11D3-BF4B-00C04F79EFBC}") = "Lab4_AK", "Lab4_AK\Lab4_AK.csproj", "{F80D8B3B-E76A-406F-A42C-B921FAB47024}"
EndProject
Global
	GlobalSection(SolutionConfigurationPlatforms) = preSolution
		Debug|Any CPU = Debug|Any CPU
		Release|Any CPU = Release|Any CPU
	EndGlobalSection
	GlobalSection(ProjectConfigurationPlatforms) = postSolution
		{F80D8B3B-E76A-406F-A42C-B921FAB47024}.Debug|Any CPU.ActiveCfg = Debug|Any CPU
		{F80D8B3B-E76A-406F-A42C-B921FAB47024}.Debug|Any CPU.Build.0 = Debug|Any CPU
		{F80D8B3B-E76A-406F-A42C-B921FAB47024}.Release|Any CPU.ActiveCfg = Release|Any CPU
		{F80D8B3B-E76A-406F-A42C-B921FAB47024}.Release|Any CPU.Build.0 = Release|Any CPU
	EndGlobalSection
	GlobalSection(SolutionProperties) = preSolution
		HideSolutionNode = FALSE
	EndGlobalSection
	GlobalSection(ExtensibilityGlobals) = postSolution
		SolutionGuid = {E696313B-71C2-44B0-B104-AFB49BB0DAE2}
	EndGlobalSection
EndGlobal
